lockfileVersion: '9.0'

settings:
  autoInstallPeers: true
  excludeLinksFromLockfile: false

importers:

  .:
    devDependencies:
      '@anna-ai/cli':
        specifier: ^0.1.22
        version: 0.1.39

packages:

  '@anna-ai/app-runtime@0.13.0':
    resolution: {integrity: sha512-JWjgWPBXav2i3v8nd9XpSx+yLIkzVYyp4lCzK8JVn6HKbcFjxyYXjYNo3a2NSjAfivaPk+vd+1r53L+zNarDeg==}

  '@anna-ai/app-schema@0.17.0':
    resolution: {integrity: sha512-hbEpVzTYUkYenJ4wgGQuehVbb0ab71+/mQ389jmT52BlH+ge5g28OnFL16dY/7dVJ3dXsjaC9Kj6CoZFnh2ovA==}

  '@anna-ai/cli@0.1.39':
    resolution: {integrity: sha512-XxxIF0bo4BS8zHb5UDUgsIYazErNzCvNP8NyZDluiUXH5jioZtly9eNP+jI+SkQRQC6gy5DRzuXS3JhIpHWIvQ==}
    engines: {node: '>=22'}
    hasBin: true

  ajv-formats@3.0.1:
    resolution: {integrity: sha512-8iUql50EUR+uUcdRQ3HDqa6EVyo3docL8g5WJ3FNcWmu62IbkGUue/pEyLBW8VGKKucTPgqeks4fIU1DA4yowQ==}
    peerDependencies:
      ajv: ^8.0.0
    peerDependenciesMeta:
      ajv:
        optional: true

  ajv@8.20.0:
    resolution: {integrity: sha512-Thbli+OlOj+iMPYFBVBfJ3OmCAnaSyNn4M1vz9T6Gka5Jt9ba/HIR56joy65tY6kx/FCF5VXNB819Y7/GUrBGA==}

  commander@12.1.0:
    resolution: {integrity: sha512-Vw8qHK3bZM9y/P10u3Vib8o/DdkvA2OtPtZvD871QKjy74Wj1WSKFILMPRPSdUSx5RFK1arlJzEtA4PkFgnbuA==}
    engines: {node: '>=18'}

  fast-deep-equal@3.1.3:
    resolution: {integrity: sha512-f3qQ9oQy9j2AhBe/H9VC91wLmKBCCU/gDOnKNAYG5hswO7BLKj09Hc5HYNz9cGI++xlpDCIgDaitVs03ATR84Q==}

  fast-uri@3.1.4:
    resolution: {integrity: sha512-8JnbkQ4juDyvYs4mgFGQqg4yCYtFDtUtmp2QIQq11ZZe5CFQ5wcqm1rqDgAh/QdMySuBnPzMUiJUNZG5N/AiQw==}

  json-schema-traverse@1.0.0:
    resolution: {integrity: sha512-NM8/P9n3XjXhIZn1lLhkFaACTOURQXjWhV4BA/RnOv8xvgqtqpAX9IO4mRQxSx1Rlo4tqzeqb0sOlruaOy3dug==}

  kleur@4.1.5:
    resolution: {integrity: sha512-o+NO+8WrRiQEE4/7nwRJhN1HWpVmJm511pBHUxPLtp0BUISzlBplORYSmTclCnJvQq2tKu/sgl3xVpkc7ZWuQQ==}
    engines: {node: '>=6'}

  require-from-string@2.0.2:
    resolution: {integrity: sha512-Xf0nWe6RseziFMu+Ap9biiUbmplq6S9/p+7w7YXP/JBHhrUDDUhwa+vANyubuqfZWTveU//DYVGsDG7RKL/vEw==}
    engines: {node: '>=0.10.0'}

  smol-toml@1.7.0:
    resolution: {integrity: sha512-aqVvWoyO21L23mb+drl4RmMXbf6N7FdHjAhTRA9ZBL7apWBgfWC16KjrASI+1p9GAroljyMHj6fK67i0UiTNvQ==}
    engines: {node: '>= 18'}

  ws@8.21.1:
    resolution: {integrity: sha512-+0NTnW77fFN/DjQi6k/Sq/Yvk4Sgajw7urW8V+asjXnRgDs9gyGkdb7EzgfhA4goXsRIZKE28fzIXBHEzhuiWw==}
    engines: {node: '>=10.0.0'}
    peerDependencies:
      bufferutil: ^4.0.1
      utf-8-validate: '>=5.0.2'
    peerDependenciesMeta:
      bufferutil:
        optional: true
      utf-8-validate:
        optional: true

snapshots:

  '@anna-ai/app-runtime@0.13.0': {}

  '@anna-ai/app-schema@0.17.0': {}

  '@anna-ai/cli@0.1.39':
    dependencies:
      '@anna-ai/app-runtime': 0.13.0
      '@anna-ai/app-schema': 0.17.0
      ajv: 8.20.0
      ajv-formats: 3.0.1(ajv@8.20.0)
      commander: 12.1.0
      kleur: 4.1.5
      smol-toml: 1.7.0
      ws: 8.21.1
    transitivePeerDependencies:
      - bufferutil
      - utf-8-validate

  ajv-formats@3.0.1(ajv@8.20.0):
    optionalDependencies:
      ajv: 8.20.0

  ajv@8.20.0:
    dependencies:
      fast-deep-equal: 3.1.3
      fast-uri: 3.1.4
      json-schema-traverse: 1.0.0
      require-from-string: 2.0.2

  commander@12.1.0: {}

  fast-deep-equal@3.1.3: {}

  fast-uri@3.1.4: {}

  json-schema-traverse@1.0.0: {}

  kleur@4.1.5: {}

  require-from-string@2.0.2: {}

  smol-toml@1.7.0: {}

  ws@8.21.1: {}
